
Microsoft Visual Studio Solution File, Format Version 12.00
# Visual Studio Version 17
VisualStudioVersion = 17.2.32630.192
MinimumVisualStudioVersion = 10.0.40219.1
Project("{FAE04EC0-301F-11D3-BF4B-00C04F79EFBC}") = "Tekon", "Tekon\Tekon.csproj", "{D6206898-AD33-4411-A330-A5667B53DB74}"
EndProject
Global
	GlobalSection(SolutionConfigurationPlatforms) = preSolution
		Debug|Any CPU = Debug|Any CPU
		Release|Any CPU = Release|Any CPU
	EndGlobalSection
	GlobalSection(ProjectConfigurationPlatforms) = postSolution
		{D6206898-AD33-4411-A330-A5667B53DB74}.Debug|Any CPU.ActiveCfg = Debug|Any CPU
		{D6206898-AD33-4411-A330-A5667B53DB74}.Debug|Any CPU.Build.0 = Debug|Any CPU
		{D6206898-AD33-4411-A330-A5667B53DB74}.Release|Any CPU.ActiveCfg = Release|Any CPU
		{D6206898-AD33-4411-A330-A5667B53DB74}.Release|Any CPU.Build.0 = Release|Any CPU
	EndGlobalSection
	GlobalSection(SolutionProperties) = preSolution
		HideSolutionNode = FALSE
	EndGlobalSection
	GlobalSection(ExtensibilityGlobals) = postSolution
		SolutionGuid = {5207FD9C-4CDC-4313-959E-45489D903CA3}
	EndGlobalSection
EndGlobal
